
Microsoft Visual Studio Solution File, Format Version 12.00
# Visual Studio Version 16
VisualStudioVersion = 16.0.29209.62
MinimumVisualStudioVersion = 10.0.40219.1
Project("{FAE04EC0-301F-11D3-BF4B-00C04F79EFBC}") = "Actividad 3", "Actividad 3\Actividad 3.csproj", "{6B7D4AD8-CA91-4DFB-BAD7-C0F36AC0E59D}"
EndProject
Global
	GlobalSection(SolutionConfigurationPlatforms) = preSolution
		Debug|Any CPU = Debug|Any CPU
		Release|Any CPU = Release|Any CPU
	EndGlobalSection
	GlobalSection(ProjectConfigurationPlatforms) = postSolution
		{6B7D4AD8-CA91-4DFB-BAD7-C0F36AC0E59D}.Debug|Any CPU.ActiveCfg = Debug|Any CPU
		{6B7D4AD8-CA91-4DFB-BAD7-C0F36AC0E59D}.Debug|Any CPU.Build.0 = Debug|Any CPU
		{6B7D4AD8-CA91-4DFB-BAD7-C0F36AC0E59D}.Release|Any CPU.ActiveCfg = Release|Any CPU
		{6B7D4AD8-CA91-4DFB-BAD7-C0F36AC0E59D}.Release|Any CPU.Build.0 = Release|Any CPU
	EndGlobalSection
	GlobalSection(SolutionProperties) = preSolution
		HideSolutionNode = FALSE
	EndGlobalSection
	GlobalSection(ExtensibilityGlobals) = postSolution
		SolutionGuid = {C3C78F72-A632-451D-9808-A757E99F8AC6}
	EndGlobalSection
EndGlobal
